
Microsoft Visual Studio Solution File, Format Version 12.00
# Visual Studio Version 16
VisualStudioVersion = 16.0.30804.86
MinimumVisualStudioVersion = 10.0.40219.1
Project("{FAE04EC0-301F-11D3-BF4B-00C04F79EFBC}") = "Laskin", "Laskin\Laskin.csproj", "{473C6B81-0B0D-4AB5-B02A-40EE3C0FD6C8}"
EndProject
Global
	GlobalSection(SolutionConfigurationPlatforms) = preSolution
		Debug|Any CPU = Debug|Any CPU
		Release|Any CPU = Release|Any CPU
	EndGlobalSection
	GlobalSection(ProjectConfigurationPlatforms) = postSolution
		{473C6B81-0B0D-4AB5-B02A-40EE3C0FD6C8}.Debug|Any CPU.ActiveCfg = Debug|Any CPU
		{473C6B81-0B0D-4AB5-B02A-40EE3C0FD6C8}.Debug|Any CPU.Build.0 = Debug|Any CPU
		{473C6B81-0B0D-4AB5-B02A-40EE3C0FD6C8}.Release|Any CPU.ActiveCfg = Release|Any CPU
		{473C6B81-0B0D-4AB5-B02A-40EE3C0FD6C8}.Release|Any CPU.Build.0 = Release|Any CPU
	EndGlobalSection
	GlobalSection(SolutionProperties) = preSolution
		HideSolutionNode = FALSE
	EndGlobalSection
	GlobalSection(ExtensibilityGlobals) = postSolution
		SolutionGuid = {F08F5353-EB6A-41DB-A8AF-A8B64A4D97C9}
	EndGlobalSection
EndGlobal
